
Microsoft Visual Studio Solution File, Format Version 12.00
# Visual Studio 15
Project("{FAE04EC0-301F-11D3-BF4B-00C04F79EFBC}") = "Assembly-CSharp", "Assembly-CSharp.csproj", "{C624487D-8517-55DF-C28A-0DD7E7E4D57E}"
EndProject
Project("{FAE04EC0-301F-11D3-BF4B-00C04F79EFBC}") = "Assembly-CSharp-Editor", "Assembly-CSharp-Editor.csproj", "{6242401E-39C1-77C3-918E-4D111E682D6B}"
EndProject
Global
	GlobalSection(SolutionConfigurationPlatforms) = preSolution
		Debug|Any CPU = Debug|Any CPU
		Release|Any CPU = Release|Any CPU
	EndGlobalSection
	GlobalSection(ProjectConfigurationPlatforms) = postSolution
		{C624487D-8517-55DF-C28A-0DD7E7E4D57E}.Debug|Any CPU.ActiveCfg = Debug|Any CPU
		{C624487D-8517-55DF-C28A-0DD7E7E4D57E}.Debug|Any CPU.Build.0 = Debug|Any CPU
		{C624487D-8517-55DF-C28A-0DD7E7E4D57E}.Release|Any CPU.ActiveCfg = Release|Any CPU
		{C624487D-8517-55DF-C28A-0DD7E7E4D57E}.Release|Any CPU.Build.0 = Release|Any CPU
		{6242401E-39C1-77C3-918E-4D111E682D6B}.Debug|Any CPU.ActiveCfg = Debug|Any CPU
		{6242401E-39C1-77C3-918E-4D111E682D6B}.Debug|Any CPU.Build.0 = Debug|Any CPU
		{6242401E-39C1-77C3-918E-4D111E682D6B}.Release|Any CPU.ActiveCfg = Release|Any CPU
		{6242401E-39C1-77C3-918E-4D111E682D6B}.Release|Any CPU.Build.0 = Release|Any CPU
	EndGlobalSection
	GlobalSection(SolutionProperties) = preSolution
		HideSolutionNode = FALSE
	EndGlobalSection
EndGlobal
